
Microsoft Visual Studio Solution File, Format Version 12.00
# Visual Studio Version 16
VisualStudioVersion = 16.0.30523.141
MinimumVisualStudioVersion = 10.0.40219.1
Project("{FAE04EC0-301F-11D3-BF4B-00C04F79EFBC}") = "Subtitles", "Subtitles.csproj", "{D47FBC28-42B4-4477-BCA5-8A84561DB4AF}"
EndProject
Global
	GlobalSection(SolutionConfigurationPlatforms) = preSolution
		Debug|Any CPU = Debug|Any CPU
		Release|Any CPU = Release|Any CPU
	EndGlobalSection
	GlobalSection(ProjectConfigurationPlatforms) = postSolution
		{D47FBC28-42B4-4477-BCA5-8A84561DB4AF}.Debug|Any CPU.ActiveCfg = Debug|Any CPU
		{D47FBC28-42B4-4477-BCA5-8A84561DB4AF}.Debug|Any CPU.Build.0 = Debug|Any CPU
		{D47FBC28-42B4-4477-BCA5-8A84561DB4AF}.Release|Any CPU.ActiveCfg = Release|Any CPU
		{D47FBC28-42B4-4477-BCA5-8A84561DB4AF}.Release|Any CPU.Build.0 = Release|Any CPU
	EndGlobalSection
	GlobalSection(SolutionProperties) = preSolution
		HideSolutionNode = FALSE
	EndGlobalSection
	GlobalSection(ExtensibilityGlobals) = postSolution
		SolutionGuid = {AFB09A16-AB4D-489C-AAC7-813AF461E126}
	EndGlobalSection
EndGlobal
